
Microsoft Visual Studio Solution File, Format Version 12.00
# Visual Studio Version 17
VisualStudioVersion = 17.5.002.0
MinimumVisualStudioVersion = 10.0.40219.1
Project("{9A19103F-16F7-4668-BE54-9A1E7A4F7556}") = "MyDotnetBackend", "MyDotnetBackend\MyDotnetBackend.csproj", "{7D9F1672-C5BD-40A3-9286-6F2DE777FE0F}"
EndProject
Global
	GlobalSection(SolutionConfigurationPlatforms) = preSolution
		Debug|Any CPU = Debug|Any CPU
		Release|Any CPU = Release|Any CPU
	EndGlobalSection
	GlobalSection(ProjectConfigurationPlatforms) = postSolution
		{7D9F1672-C5BD-40A3-9286-6F2DE777FE0F}.Debug|Any CPU.ActiveCfg = Debug|Any CPU
		{7D9F1672-C5BD-40A3-9286-6F2DE777FE0F}.Debug|Any CPU.Build.0 = Debug|Any CPU
		{7D9F1672-C5BD-40A3-9286-6F2DE777FE0F}.Release|Any CPU.ActiveCfg = Release|Any CPU
		{7D9F1672-C5BD-40A3-9286-6F2DE777FE0F}.Release|Any CPU.Build.0 = Release|Any CPU
	EndGlobalSection
	GlobalSection(SolutionProperties) = preSolution
		HideSolutionNode = FALSE
	EndGlobalSection
	GlobalSection(ExtensibilityGlobals) = postSolution
		SolutionGuid = {EB6A5D85-433A-4925-B830-D8BA39881767}
	EndGlobalSection
EndGlobal
